%{
  "benchfella": {:hex, :benchfella, "0.3.5", "b2122c234117b3f91ed7b43b6e915e19e1ab216971154acd0a80ce0e9b8c05f5", [:mix], [], "hexpm", "23f27cbc482cbac03fc8926441eb60a5e111759c17642bac005c3225f5eb809d"},
  "cpu_info": {:hex, :cpu_info, "0.1.1", "ec14b65a90ec74010fda233cc73076557ccd4bd3d2cf8cd15549906c2401cce4", [:mix], [], "hexpm", "6d73d96ddd566d39410805978c58685fadd388af5be9f766aeaef02dd7dfec60"},
  "flow": {:hex, :flow, "1.0.0", "3df0b6687ba01dae248c615d50e1f8b36631e3eb9b9a663adf38262035d9fc08", [:mix], [{:gen_stage, "~> 1.0", [hex: :gen_stage, repo: "hexpm", optional: false]}], "hexpm", "103e0d30539db120a432d6433123a6ed885b10bde244e9f4194e3beee080ac29"},
  "gen_stage": {:hex, :gen_stage, "1.0.0", "51c8ae56ff54f9a2a604ca583798c210ad245f415115453b773b621c49776df5", [:mix], [], "hexpm", "1d9fc978db5305ac54e6f5fec7adf80cd893b1000cf78271564c516aa2af7706"},
  "pelemay": {:hex, :pelemay, "0.0.6", "0833bf5661cd7b75299d14f318f9e5a2586e9a3e32d4abd23727504300c89220", [:mix], [], "hexpm", "4ac428a558aadc6d6794c0d189095e9a31f726d7d74c2a84e07efa50c0fe6db1"},
}
